PODS:
  - AFNetworkActivityLogger (2.0.4):
    - AFNetworking/NSURLConnection (~> 2.0)
    - AFNetworking/NSURLSession (~> 2.0)
  - AFNetworking (2.6.3):
    - AFNetworking/NSURLConnection (= 2.6.3)
    - AFNetworking/NSURLSession (= 2.6.3)
    - AFNetworking/Reachability (= 2.6.3)
    - AFNetworking/Security (= 2.6.3)
    - AFNetworking/Serialization (= 2.6.3)
    - AFNetworking/UIKit (= 2.6.3)
  - AFNetworking/NSURLConnection (2.6.3):
    - AFNetworking/Reachability
    - AFNetworking/Security
    - AFNetworking/Serialization
  - AFNetworking/NSURLSession (2.6.3):
    - AFNetworking/Reachability
    - AFNetworking/Security
    - AFNetworking/Serialization
  - AFNetworking/Reachability (2.6.3)
  - AFNetworking/Security (2.6.3)
  - AFNetworking/Serialization (2.6.3)
  - AFNetworking/UIKit (2.6.3):
    - AFNetworking/NSURLConnection
    - AFNetworking/NSURLSession
  - InstagramKit (3.7):
    - AFNetworking (~> 2.0)
    - InstagramKit/Exclude-UICKeyChainStore (= 3.7)
  - InstagramKit/Exclude-UICKeyChainStore (3.7):
    - AFNetworking (~> 2.0)
  - InstagramKit/UICKeyChainStore (3.7):
    - AFNetworking (~> 2.0)
    - UICKeyChainStore (~> 2.0)
  - PureLayout (3.0.2)
  - Reachability (3.2)
  - UICKeyChainStore (2.1.0)

DEPENDENCIES:
  - AFNetworkActivityLogger
  - AFNetworking
  - InstagramKit
  - InstagramKit/UICKeyChainStore
  - PureLayout
  - Reachability

SPEC CHECKSUMS:
  AFNetworkActivityLogger: 121486778117d53b3ab1c61d264b88081d0c3eee
  AFNetworking: cb8d14a848e831097108418f5d49217339d4eb60
  InstagramKit: bbbd15baeac2d32b2915d2d89319ad90bacd5912
  PureLayout: 4d550abe49a94f24c2808b9b95db9131685fe4cd
  Reachability: 33e18b67625424e47b6cde6d202dce689ad7af96
  UICKeyChainStore: f1cbd42216a113f0165de1e733e62905b8823432

PODFILE CHECKSUM: 659ce3cdca3b56bb7bdf902938dc930fc73223b2

COCOAPODS: 1.0.1
